
Microsoft Visual Studio Solution File, Format Version 12.00
# Visual Studio Version 17
VisualStudioVersion = 17.3.32922.545
MinimumVisualStudioVersion = 10.0.40219.1
Project("{9A19103F-16F7-4668-BE54-9A1E7A4F7556}") = "APIProjetoUpd8", "APIProjetoUpd8\APIProjetoUpd8.csproj", "{B717F752-CF6D-4A9F-8C16-3E50630F3222}"
EndProject
Global
	GlobalSection(SolutionConfigurationPlatforms) = preSolution
		Debug|Any CPU = Debug|Any CPU
		Release|Any CPU = Release|Any CPU
	EndGlobalSection
	GlobalSection(ProjectConfigurationPlatforms) = postSolution
		{B717F752-CF6D-4A9F-8C16-3E50630F3222}.Debug|Any CPU.ActiveCfg = Debug|Any CPU
		{B717F752-CF6D-4A9F-8C16-3E50630F3222}.Debug|Any CPU.Build.0 = Debug|Any CPU
		{B717F752-CF6D-4A9F-8C16-3E50630F3222}.Release|Any CPU.ActiveCfg = Release|Any CPU
		{B717F752-CF6D-4A9F-8C16-3E50630F3222}.Release|Any CPU.Build.0 = Release|Any CPU
	EndGlobalSection
	GlobalSection(SolutionProperties) = preSolution
		HideSolutionNode = FALSE
	EndGlobalSection
	GlobalSection(ExtensibilityGlobals) = postSolution
		SolutionGuid = {D42F0925-8C90-4F80-9B92-67F914657512}
	EndGlobalSection
EndGlobal
